
Microsoft Visual Studio Solution File, Format Version 12.00
# Visual Studio Version 16
VisualStudioVersion = 16.0.29319.158
MinimumVisualStudioVersion = 10.0.40219.1
Project("{FAE04EC0-301F-11D3-BF4B-00C04F79EFBC}") = "MVCDemo", "MVCDemo\MVCDemo.csproj", "{4EF99259-36AD-4F11-8F28-5A197B1A7201}"
EndProject
Project("{FAE04EC0-301F-11D3-BF4B-00C04F79EFBC}") = "DataLibrary", "DataLibrary\DataLibrary.csproj", "{7222004A-39F2-4B6C-89C7-3823F10F9194}"
EndProject
Project("{00D1A9C2-B5F0-4AF3-8072-F6C62B433612}") = "MVCDemoDb", "MVCDemoDb\MVCDemoDb.sqlproj", "{D4DFA3F6-154A-4FFA-B02F-F598EA29EC7F}"
EndProject
Global
	GlobalSection(SolutionConfigurationPlatforms) = preSolution
		Debug|Any CPU = Debug|Any CPU
		Release|Any CPU = Release|Any CPU
	EndGlobalSection
	GlobalSection(ProjectConfigurationPlatforms) = postSolution
		{4EF99259-36AD-4F11-8F28-5A197B1A7201}.Debug|Any CPU.ActiveCfg = Debug|Any CPU
		{4EF99259-36AD-4F11-8F28-5A197B1A7201}.Debug|Any CPU.Build.0 = Debug|Any CPU
		{4EF99259-36AD-4F11-8F28-5A197B1A7201}.Release|Any CPU.ActiveCfg = Release|Any CPU
		{4EF99259-36AD-4F11-8F28-5A197B1A7201}.Release|Any CPU.Build.0 = Release|Any CPU
		{7222004A-39F2-4B6C-89C7-3823F10F9194}.Debug|Any CPU.ActiveCfg = Debug|Any CPU
		{7222004A-39F2-4B6C-89C7-3823F10F9194}.Debug|Any CPU.Build.0 = Debug|Any CPU
		{7222004A-39F2-4B6C-89C7-3823F10F9194}.Release|Any CPU.ActiveCfg = Release|Any CPU
		{7222004A-39F2-4B6C-89C7-3823F10F9194}.Release|Any CPU.Build.0 = Release|Any CPU
		{D4DFA3F6-154A-4FFA-B02F-F598EA29EC7F}.Debug|Any CPU.ActiveCfg = Debug|Any CPU
		{D4DFA3F6-154A-4FFA-B02F-F598EA29EC7F}.Debug|Any CPU.Build.0 = Debug|Any CPU
		{D4DFA3F6-154A-4FFA-B02F-F598EA29EC7F}.Debug|Any CPU.Deploy.0 = Debug|Any CPU
		{D4DFA3F6-154A-4FFA-B02F-F598EA29EC7F}.Release|Any CPU.ActiveCfg = Release|Any CPU
		{D4DFA3F6-154A-4FFA-B02F-F598EA29EC7F}.Release|Any CPU.Build.0 = Release|Any CPU
		{D4DFA3F6-154A-4FFA-B02F-F598EA29EC7F}.Release|Any CPU.Deploy.0 = Release|Any CPU
	EndGlobalSection
	GlobalSection(SolutionProperties) = preSolution
		HideSolutionNode = FALSE
	EndGlobalSection
	GlobalSection(ExtensibilityGlobals) = postSolution
		SolutionGuid = {E2B4E002-01B9-475F-95A2-433A49A5A228}
	EndGlobalSection
EndGlobal
